// !$*UTF8*$!
{
	archiveVersion = 1;
	classes = {
	};
	objectVersion = 46;
	objects = {

/* Begin PBXBuildFile section */
		BE8DAD631883587400CCF2DB /* MSTSlideUpMenuViewController.m in Sources */ = {isa = PBXBuildFile; fileRef = BE8DAD621883587400CCF2DB /* MSTSlideUpMenuViewController.m */; };
		BE8DAD6618835B2600CCF2DB /* MSTMenuViewController.m in Sources */ = {isa = PBXBuildFile; fileRef = BE8DAD6518835B2600CCF2DB /* MSTMenuViewController.m */; };
		BE8FAD74188373A900EC5F84 /* MSTUIViewClickPassthrough.m in Sources */ = {isa = PBXBuildFile; fileRef = BE8FAD73188373A900EC5F84 /* MSTUIViewClickPassthrough.m */; };
		BE8FAD7A1883778600EC5F84 /* UIImage+ImageEffects.m in Sources */ = {isa = PBXBuildFile; fileRef = BE8FAD791883778600EC5F84 /* UIImage+ImageEffects.m */; };
		BEA202F61877A71D0039B2F7 /* Foundation.framework in Frameworks */ = {isa = PBXBuildFile; fileRef = BEA202F51877A71D0039B2F7 /* Foundation.framework */; };
		BEA202F81877A71D0039B2F7 /* CoreGraphics.framework in Frameworks */ = {isa = PBXBuildFile; fileRef = BEA202F71877A71D0039B2F7 /* CoreGraphics.framework */; };
		BEA202FA1877A71D0039B2F7 /* UIKit.framework in Frameworks */ = {isa = PBXBuildFile; fileRef = BEA202F91877A71D0039B2F7 /* UIKit.framework */; };
		BEA203001877A71D0039B2F7 /* InfoPlist.strings in Resources */ = {isa = PBXBuildFile; fileRef = BEA202FE1877A71D0039B2F7 /* InfoPlist.strings */; };
		BEA203021877A71D0039B2F7 /* main.m in Sources */ = {isa = PBXBuildFile; fileRef = BEA203011877A71D0039B2F7 /* main.m */; };
		BEA203061877A71D0039B2F7 /* MSTAppDelegate.m in Sources */ = {isa = PBXBuildFile; fileRef = BEA203051877A71D0039B2F7 /* MSTAppDelegate.m */; };
		BEA203091877A71D0039B2F7 /* Main.storyboard in Resources */ = {isa = PBXBuildFile; fileRef = BEA203071877A71D0039B2F7 /* Main.storyboard */; };
		BEA2030C1877A71D0039B2F7 /* MSTViewController.m in Sources */ = {isa = PBXBuildFile; fileRef = BEA2030B1877A71D0039B2F7 /* MSTViewController.m */; };
		BEA2030E1877A71D0039B2F7 /* Images.xcassets in Resources */ = {isa = PBXBuildFile; fileRef = BEA2030D1877A71D0039B2F7 /* Images.xcassets */; };
		BEA203151877A71D0039B2F7 /* XCTest.framework in Frameworks */ = {isa = PBXBuildFile; fileRef = BEA203141877A71D0039B2F7 /* XCTest.framework */; };
		BEA203161877A71D0039B2F7 /* Foundation.framework in Frameworks */ = {isa = PBXBuildFile; fileRef = BEA202F51877A71D0039B2F7 /* Foundation.framework */; };
		BEA203171877A71D0039B2F7 /* UIKit.framework in Frameworks */ = {isa = PBXBuildFile; fileRef = BEA202F91877A71D0039B2F7 /* UIKit.framework */; };
		BEA2031F1877A71D0039B2F7 /* InfoPlist.strings in Resources */ = {isa = PBXBuildFile; fileRef = BEA2031D1877A71D0039B2F7 /* InfoPlist.strings */; };
		BEA203211877A71D0039B2F7 /* ParallaxControllerTests.m in Sources */ = {isa = PBXBuildFile; fileRef = BEA203201877A71D0039B2F7 /* ParallaxControllerTests.m */; };
		BEA2032F1877A8970039B2F7 /* MSTTableViewController.m in Sources */ = {isa = PBXBuildFile; fileRef = BEA2032E1877A8970039B2F7 /* MSTTableViewController.m */; };
		BEA203311877AA400039B2F7 /* amazing-gerbera-flower-wallpaper-wide-full-hd.jpg in Resources */ = {isa = PBXBuildFile; fileRef = BEA203301877AA400039B2F7 /* amazing-gerbera-flower-wallpaper-wide-full-hd.jpg */; };
		BEA203341877AB6C0039B2F7 /* MSTImageViewController.m in Sources */ = {isa = PBXBuildFile; fileRef = BEA203331877AB6C0039B2F7 /* MSTImageViewController.m */; };
		BEA203371877AC5A0039B2F7 /* MSTParallaxController.m in Sources */ = {isa = PBXBuildFile; fileRef = BEA203361877AC5A0039B2F7 /* MSTParallaxController.m */; };
		EA03580F188998F7002EA17A /* MSTFirstMenuCreditCardViewController.m in Sources */ = {isa = PBXBuildFile; fileRef = EA03580E188998F7002EA17A /* MSTFirstMenuCreditCardViewController.m */; };
		EA03581518899934002EA17A /* MSTFirstMenuMailViewController.m in Sources */ = {isa = PBXBuildFile; fileRef = EA03581418899934002EA17A /* MSTFirstMenuMailViewController.m */; };
		EA03581818899953002EA17A /* MSTFirstMenuMapViewController.m in Sources */ = {isa = PBXBuildFile; fileRef = EA03581718899953002EA17A /* MSTFirstMenuMapViewController.m */; };
		EA03581B1889997D002EA17A /* MSTFirstMenuSettingsViewController.m in Sources */ = {isa = PBXBuildFile; fileRef = EA03581A1889997D002EA17A /* MSTFirstMenuSettingsViewController.m */; };
		EA03581F18899FB7002EA17A /* MSTCustomButton.m in Sources */ = {isa = PBXBuildFile; fileRef = EA03581E18899FB7002EA17A /* MSTCustomButton.m */; };
		EACE18AB188586D2006480A6 /* QuartzCore.framework in Frameworks */ = {isa = PBXBuildFile; fileRef = EACE18AA188586D2006480A6 /* QuartzCore.framework */; };
		EACE18B3188979C4006480A6 /* dashboardbg.png in Resources */ = {isa = PBXBuildFile; fileRef = EACE18B2188979C4006480A6 /* dashboardbg.png */; };
		EEC212D41888E59E005FE7B4 /* barcode.png in Resources */ = {isa = PBXBuildFile; fileRef = EEC212A11888E59E005FE7B4 /* barcode.png */; };
		EEC212D51888E59E005FE7B4 /* barcode@2x.png in Resources */ = {isa = PBXBuildFile; fileRef = EEC212A21888E59E005FE7B4 /* barcode@2x.png */; };
		EEC212D61888E59E005FE7B4 /* barcode_big.png in Resources */ = {isa = PBXBuildFile; fileRef = EEC212A31888E59E005FE7B4 /* barcode_big.png */; };
		EEC212D71888E59E005FE7B4 /* bg-addbutton-highlighted.png in Resources */ = {isa = PBXBuildFile; fileRef = EEC212A41888E59E005FE7B4 /* bg-addbutton-highlighted.png */; };
		EEC212D81888E59E005FE7B4 /* bg-addbutton-highlighted@2x.png in Resources */ = {isa = PBXBuildFile; fileRef = EEC212A51888E59E005FE7B4 /* bg-addbutton-highlighted@2x.png */; };
		EEC212D91888E59E005FE7B4 /* bg-addbutton.png in Resources */ = {isa = PBXBuildFile; fileRef = EEC212A61888E59E005FE7B4 /* bg-addbutton.png */; };
		EEC212DA1888E59E005FE7B4 /* bg-addbutton@2x.png in Resources */ = {isa = PBXBuildFile; fileRef = EEC212A71888E59E005FE7B4 /* bg-addbutton@2x.png */; };
		EEC212DB1888E59E005FE7B4 /* bg-menuitem-highlighted.png in Resources */ = {isa = PBXBuildFile; fileRef = EEC212A81888E59E005FE7B4 /* bg-menuitem-highlighted.png */; };
		EEC212DC1888E59E005FE7B4 /* bg-menuitem-highlighted@2x.png in Resources */ = {isa = PBXBuildFile; fileRef = EEC212A91888E59E005FE7B4 /* bg-menuitem-highlighted@2x.png */; };
		EEC212DD1888E59E005FE7B4 /* bg-menuitem.png in Resources */ = {isa = PBXBuildFile; fileRef = EEC212AA1888E59E005FE7B4 /* bg-menuitem.png */; };
		EEC212DE1888E59E005FE7B4 /* bg-menuitem@2x.png in Resources */ = {isa = PBXBuildFile; fileRef = EEC212AB1888E59E005FE7B4 /* bg-menuitem@2x.png */; };
		EEC212DF1888E59E005FE7B4 /* credit_card.png in Resources */ = {isa = PBXBuildFile; fileRef = EEC212AC1888E59E005FE7B4 /* credit_card.png */; };
		EEC212E01888E59E005FE7B4 /* credit_card@2x.png in Resources */ = {isa = PBXBuildFile; fileRef = EEC212AD1888E59E005FE7B4 /* credit_card@2x.png */; };
		EEC212E11888E59E005FE7B4 /* credit_card_big.png in Resources */ = {isa = PBXBuildFile; fileRef = EEC212AE1888E59E005FE7B4 /* credit_card_big.png */; };
		EEC212E21888E59E005FE7B4 /* icon-plus-highlighted.png in Resources */ = {isa = PBXBuildFile; fileRef = EEC212AF1888E59E005FE7B4 /* icon-plus-highlighted.png */; };
		EEC212E31888E59E005FE7B4 /* icon-plus-highlighted@2x.png in Resources */ = {isa = PBXBuildFile; fileRef = EEC212B01888E59E005FE7B4 /* icon-plus-highlighted@2x.png */; };
		EEC212E41888E59E005FE7B4 /* icon-plus.png in Resources */ = {isa = PBXBuildFile; fileRef = EEC212B11888E59E005FE7B4 /* icon-plus.png */; };
		EEC212E51888E59E005FE7B4 /* icon-plus@2x.png in Resources */ = {isa = PBXBuildFile; fileRef = EEC212B21888E59E005FE7B4 /* icon-plus@2x.png */; };
		EEC212E61888E59E005FE7B4 /* icon-star.png in Resources */ = {isa = PBXBuildFile; fileRef = EEC212B31888E59E005FE7B4 /* icon-star.png */; };
		EEC212E71888E59E005FE7B4 /* icon-star@2x.png in Resources */ = {isa = PBXBuildFile; fileRef = EEC212B41888E59E005FE7B4 /* icon-star@2x.png */; };
		EEC212E81888E59E005FE7B4 /* mail.png in Resources */ = {isa = PBXBuildFile; fileRef = EEC212B51888E59E005FE7B4 /* mail.png */; };
		EEC212E91888E59E005FE7B4 /* mail@2x.png in Resources */ = {isa = PBXBuildFile; fileRef = EEC212B61888E59E005FE7B4 /* mail@2x.png */; };
		EEC212EA1888E59E005FE7B4 /* mail_big.png in Resources */ = {isa = PBXBuildFile; fileRef = EEC212B71888E59E005FE7B4 /* mail_big.png */; };
		EEC212EB1888E59E005FE7B4 /* map_pin.png in Resources */ = {isa = PBXBuildFile; fileRef = EEC212B81888E59E005FE7B4 /* map_pin.png */; };
		EEC212EC1888E59E005FE7B4 /* map_pin@2x.png in Resources */ = {isa = PBXBuildFile; fileRef = EEC212B91888E59E005FE7B4 /* map_pin@2x.png */; };
		EEC212ED1888E59E005FE7B4 /* map_pin_big.png in Resources */ = {isa = PBXBuildFile; fileRef = EEC212BA1888E59E005FE7B4 /* map_pin_big.png */; };
		EEC212EE1888E59E005FE7B4 /* process.png in Resources */ = {isa = PBXBuildFile; fileRef = EEC212BB1888E59E005FE7B4 /* process.png */; };
		EEC212EF1888E59E005FE7B4 /* process@2x.png in Resources */ = {isa = PBXBuildFile; fileRef = EEC212BC1888E59E005FE7B4 /* process@2x.png */; };
		EEC212F01888E59E005FE7B4 /* process_big.png in Resources */ = {isa = PBXBuildFile; fileRef = EEC212BD1888E59E005FE7B4 /* process_big.png */; };
		EEC212F11888E59E005FE7B4 /* MSTBarCodeViewController.m in Sources */ = {isa = PBXBuildFile; fileRef = EEC212C01888E59E005FE7B4 /* MSTBarCodeViewController.m */; };
		EEC212F21888E59E005FE7B4 /* MSTCreditCardViewController.m in Sources */ = {isa = PBXBuildFile; fileRef = EEC212C21888E59E005FE7B4 /* MSTCreditCardViewController.m */; };
		EEC212F31888E59E005FE7B4 /* MSTMailViewController.m in Sources */ = {isa = PBXBuildFile; fileRef = EEC212C41888E59E005FE7B4 /* MSTMailViewController.m */; };
		EEC212F41888E59E005FE7B4 /* MSTMainViewController.m in Sources */ = {isa = PBXBuildFile; fileRef = EEC212C61888E59E005FE7B4 /* MSTMainViewController.m */; };
		EEC212F51888E59E005FE7B4 /* MSTMapViewController.m in Sources */ = {isa = PBXBuildFile; fileRef = EEC212C81888E59E005FE7B4 /* MSTMapViewController.m */; };
		EEC212F61888E59E005FE7B4 /* MSTMyAccViewController.m in Sources */ = {isa = PBXBuildFile; fileRef = EEC212CA1888E59E005FE7B4 /* MSTMyAccViewController.m */; };
		EEC212F71888E59E005FE7B4 /* MSTSettingsViewController.m in Sources */ = {isa = PBXBuildFile; fileRef = EEC212CC1888E59E005FE7B4 /* MSTSettingsViewController.m */; };
		EEC212F81888E59E005FE7B4 /* MSTFirstMenuViewController.m in Sources */ = {isa = PBXBuildFile; fileRef = EEC212CF1888E59E005FE7B4 /* MSTFirstMenuViewController.m */; };
		EEC212F91888E59E005FE7B4 /* MSTSecondMenuViewController.m in Sources */ = {isa = PBXBuildFile; fileRef = EEC212D11888E59E005FE7B4 /* MSTSecondMenuViewController.m */; };
		EEC212FA1888E59E005FE7B4 /* MSTThirdMenuViewController.m in Sources */ = {isa = PBXBuildFile; fileRef = EEC212D31888E59E005FE7B4 /* MSTThirdMenuViewController.m */; };
		EEC212FE1888E5BD005FE7B4 /* UIView+Genie.m in Sources */ = {isa = PBXBuildFile; fileRef = EEC212FD1888E5BD005FE7B4 /* UIView+Genie.m */; };
		EEC213001888EBF8005FE7B4 /* Menu1BG.png in Resources */ = {isa = PBXBuildFile; fileRef = EEC212FF1888EBF8005FE7B4 /* Menu1BG.png */; };
		EEC213021888EE97005FE7B4 /* Menu1B.png in Resources */ = {isa = PBXBuildFile; fileRef = EEC213011888EE97005FE7B4 /* Menu1B.png */; };
		EEC213041888F01B005FE7B4 /* Menu1B_2.png in Resources */ = {isa = PBXBuildFile; fileRef = EEC213031888F01B005FE7B4 /* Menu1B_2.png */; };
		EEC213061888F6ED005FE7B4 /* BoxyCall.png in Resources */ = {isa = PBXBuildFile; fileRef = EEC213051888F6ED005FE7B4 /* BoxyCall.png */; };
		EECF7C421884CB9B004770CD /* AwesomeMenu.m in Sources */ = {isa = PBXBuildFile; fileRef = EECF7C3F1884CB9B004770CD /* AwesomeMenu.m */; };
		EECF7C431884CB9B004770CD /* AwesomeMenuItem.m in Sources */ = {isa = PBXBuildFile; fileRef = EECF7C411884CB9B004770CD /* AwesomeMenuItem.m */; };
/* End PBXBuildFile section */

/* Begin PBXContainerItemProxy section */
		BEA203181877A71D0039B2F7 /* PBXContainerItemProxy */ = {
			isa = PBXContainerItemProxy;
			containerPortal = BEA202EA1877A71D0039B2F7 /* Project object */;
			proxyType = 1;
			remoteGlobalIDString = BEA202F11877A71D0039B2F7;
			remoteInfo = ParallaxController;
		};
/* End PBXContainerItemProxy section */

/* Begin PBXFileReference section */
		BE8DAD611883587400CCF2DB /* MSTSlideUpMenuViewController.h */ = {isa = PBXFileReference; fileEncoding = 4; lastKnownFileType = sourcecode.c.h; path = MSTSlideUpMenuViewController.h; sourceTree = "<group>"; };
		BE8DAD621883587400CCF2DB /* MSTSlideUpMenuViewController.m */ = {isa = PBXFileReference; fileEncoding = 4; lastKnownFileType = sourcecode.c.objc; path = MSTSlideUpMenuViewController.m; sourceTree = "<group>"; };
		BE8DAD6418835B2600CCF2DB /* MSTMenuViewController.h */ = {isa = PBXFileReference; fileEncoding = 4; lastKnownFileType = sourcecode.c.h; path = MSTMenuViewController.h; sourceTree = "<group>"; };
		BE8DAD6518835B2600CCF2DB /* MSTMenuViewController.m */ = {isa = PBXFileReference; fileEncoding = 4; lastKnownFileType = sourcecode.c.objc; path = MSTMenuViewController.m; sourceTree = "<group>"; };
		BE8FAD72188373A900EC5F84 /* MSTUIViewClickPassthrough.h */ = {isa = PBXFileReference; fileEncoding = 4; lastKnownFileType = sourcecode.c.h; path = MSTUIViewClickPassthrough.h; sourceTree = "<group>"; };
		BE8FAD73188373A900EC5F84 /* MSTUIViewClickPassthrough.m */ = {isa = PBXFileReference; fileEncoding = 4; lastKnownFileType = sourcecode.c.objc; path = MSTUIViewClickPassthrough.m; sourceTree = "<group>"; };
		BE8FAD781883778600EC5F84 /* UIImage+ImageEffects.h */ = {isa = PBXFileReference; fileEncoding = 4; lastKnownFileType = sourcecode.c.h; path = "UIImage+ImageEffects.h"; sourceTree = "<group>"; };
		BE8FAD791883778600EC5F84 /* UIImage+ImageEffects.m */ = {isa = PBXFileReference; fileEncoding = 4; lastKnownFileType = sourcecode.c.objc; path = "UIImage+ImageEffects.m"; sourceTree = "<group>"; };
		BEA202F21877A71D0039B2F7 /* ParallaxController.app */ = {isa = PBXFileReference; explicitFileType = wrapper.application; includeInIndex = 0; path = ParallaxController.app; sourceTree = BUILT_PRODUCTS_DIR; };
		BEA202F51877A71D0039B2F7 /* Foundation.framework */ = {isa = PBXFileReference; lastKnownFileType = wrapper.framework; name = Foundation.framework; path = System/Library/Frameworks/Foundation.framework; sourceTree = SDKROOT; };
		BEA202F71877A71D0039B2F7 /* CoreGraphics.framework */ = {isa = PBXFileReference; lastKnownFileType = wrapper.framework; name = CoreGraphics.framework; path = System/Library/Frameworks/CoreGraphics.framework; sourceTree = SDKROOT; };
		BEA202F91877A71D0039B2F7 /* UIKit.framework */ = {isa = PBXFileReference; lastKnownFileType = wrapper.framework; name = UIKit.framework; path = System/Library/Frameworks/UIKit.framework; sourceTree = SDKROOT; };
		BEA202FD1877A71D0039B2F7 /* ParallaxController-Info.plist */ = {isa = PBXFileReference; lastKnownFileType = text.plist.xml; path = "ParallaxController-Info.plist"; sourceTree = "<group>"; };
		BEA202FF1877A71D0039B2F7 /* en */ = {isa = PBXFileReference; lastKnownFileType = text.plist.strings; name = en; path = en.lproj/InfoPlist.strings; sourceTree = "<group>"; };
		BEA203011877A71D0039B2F7 /* main.m */ = {isa = PBXFileReference; lastKnownFileType = sourcecode.c.objc; path = main.m; sourceTree = "<group>"; };
		BEA203031877A71D0039B2F7 /* ParallaxController-Prefix.pch */ = {isa = PBXFileReference; lastKnownFileType = sourcecode.c.h; path = "ParallaxController-Prefix.pch"; sourceTree = "<group>"; };
		BEA203041877A71D0039B2F7 /* MSTAppDelegate.h */ = {isa = PBXFileReference; lastKnownFileType = sourcecode.c.h; path = MSTAppDelegate.h; sourceTree = "<group>"; };
		BEA203051877A71D0039B2F7 /* MSTAppDelegate.m */ = {isa = PBXFileReference; lastKnownFileType = sourcecode.c.objc; path = MSTAppDelegate.m; sourceTree = "<group>"; };
		BEA203081877A71D0039B2F7 /* Base */ = {isa = PBXFileReference; lastKnownFileType = file.storyboard; name = Base; path = Base.lproj/Main.storyboard; sourceTree = "<group>"; };
		BEA2030A1877A71D0039B2F7 /* MSTViewController.h */ = {isa = PBXFileReference; lastKnownFileType = sourcecode.c.h; path = MSTViewController.h; sourceTree = "<group>"; };
		BEA2030B1877A71D0039B2F7 /* MSTViewController.m */ = {isa = PBXFileReference; lastKnownFileType = sourcecode.c.objc; path = MSTViewController.m; sourceTree = "<group>"; };
		BEA2030D1877A71D0039B2F7 /* Images.xcassets */ = {isa = PBXFileReference; lastKnownFileType = folder.assetcatalog; path = Images.xcassets; sourceTree = "<group>"; };
		BEA203131877A71D0039B2F7 /* ParallaxControllerTests.xctest */ = {isa = PBXFileReference; explicitFileType = wrapper.cfbundle; includeInIndex = 0; path = ParallaxControllerTests.xctest; sourceTree = BUILT_PRODUCTS_DIR; };
		BEA203141877A71D0039B2F7 /* XCTest.framework */ = {isa = PBXFileReference; lastKnownFileType = wrapper.framework; name = XCTest.framework; path = Library/Frameworks/XCTest.framework; sourceTree = DEVELOPER_DIR; };
		BEA2031C1877A71D0039B2F7 /* ParallaxControllerTests-Info.plist */ = {isa = PBXFileReference; lastKnownFileType = text.plist.xml; path = "ParallaxControllerTests-Info.plist"; sourceTree = "<group>"; };
		BEA2031E1877A71D0039B2F7 /* en */ = {isa = PBXFileReference; lastKnownFileType = text.plist.strings; name = en; path = en.lproj/InfoPlist.strings; sourceTree = "<group>"; };
		BEA203201877A71D0039B2F7 /* ParallaxControllerTests.m */ = {isa = PBXFileReference; lastKnownFileType = sourcecode.c.objc; path = ParallaxControllerTests.m; sourceTree = "<group>"; };
		BEA2032D1877A8970039B2F7 /* MSTTableViewController.h */ = {isa = PBXFileReference; fileEncoding = 4; lastKnownFileType = sourcecode.c.h; path = MSTTableViewController.h; sourceTree = "<group>"; };
		BEA2032E1877A8970039B2F7 /* MSTTableViewController.m */ = {isa = PBXFileReference; fileEncoding = 4; lastKnownFileType = sourcecode.c.objc; path = MSTTableViewController.m; sourceTree = "<group>"; };
		BEA203301877AA400039B2F7 /* amazing-gerbera-flower-wallpaper-wide-full-hd.jpg */ = {isa = PBXFileReference; lastKnownFileType = image.jpeg; path = "amazing-gerbera-flower-wallpaper-wide-full-hd.jpg"; sourceTree = "<group>"; };
		BEA203321877AB6C0039B2F7 /* MSTImageViewController.h */ = {isa = PBXFileReference; fileEncoding = 4; lastKnownFileType = sourcecode.c.h; path = MSTImageViewController.h; sourceTree = "<group>"; };
		BEA203331877AB6C0039B2F7 /* MSTImageViewController.m */ = {isa = PBXFileReference; fileEncoding = 4; lastKnownFileType = sourcecode.c.objc; path = MSTImageViewController.m; sourceTree = "<group>"; };
		BEA203351877AC5A0039B2F7 /* MSTParallaxController.h */ = {isa = PBXFileReference; fileEncoding = 4; lastKnownFileType = sourcecode.c.h; path = MSTParallaxController.h; sourceTree = "<group>"; };
		BEA203361877AC5A0039B2F7 /* MSTParallaxController.m */ = {isa = PBXFileReference; fileEncoding = 4; lastKnownFileType = sourcecode.c.objc; path = MSTParallaxController.m; sourceTree = "<group>"; };
		EA03580D188998F7002EA17A /* MSTFirstMenuCreditCardViewController.h */ = {isa = PBXFileReference; fileEncoding = 4; lastKnownFileType = sourcecode.c.h; path = MSTFirstMenuCreditCardViewController.h; sourceTree = "<group>"; };
		EA03580E188998F7002EA17A /* MSTFirstMenuCreditCardViewController.m */ = {isa = PBXFileReference; fileEncoding = 4; lastKnownFileType = sourcecode.c.objc; path = MSTFirstMenuCreditCardViewController.m; sourceTree = "<group>"; };
		EA03581318899934002EA17A /* MSTFirstMenuMailViewController.h */ = {isa = PBXFileReference; fileEncoding = 4; lastKnownFileType = sourcecode.c.h; path = MSTFirstMenuMailViewController.h; sourceTree = "<group>"; };
		EA03581418899934002EA17A /* MSTFirstMenuMailViewController.m */ = {isa = PBXFileReference; fileEncoding = 4; lastKnownFileType = sourcecode.c.objc; path = MSTFirstMenuMailViewController.m; sourceTree = "<group>"; };
		EA03581618899953002EA17A /* MSTFirstMenuMapViewController.h */ = {isa = PBXFileReference; fileEncoding = 4; lastKnownFileType = sourcecode.c.h; path = MSTFirstMenuMapViewController.h; sourceTree = "<group>"; };
		EA03581718899953002EA17A /* MSTFirstMenuMapViewController.m */ = {isa = PBXFileReference; fileEncoding = 4; lastKnownFileType = sourcecode.c.objc; path = MSTFirstMenuMapViewController.m; sourceTree = "<group>"; };
		EA0358191889997D002EA17A /* MSTFirstMenuSettingsViewController.h */ = {isa = PBXFileReference; fileEncoding = 4; lastKnownFileType = sourcecode.c.h; path = MSTFirstMenuSettingsViewController.h; sourceTree = "<group>"; };
		EA03581A1889997D002EA17A /* MSTFirstMenuSettingsViewController.m */ = {isa = PBXFileReference; fileEncoding = 4; lastKnownFileType = sourcecode.c.objc; path = MSTFirstMenuSettingsViewController.m; sourceTree = "<group>"; };
		EA03581D18899FB7002EA17A /* MSTCustomButton.h */ = {isa = PBXFileReference; fileEncoding = 4; lastKnownFileType = sourcecode.c.h; name = MSTCustomButton.h; path = CustomButton/MSTCustomButton.h; sourceTree = "<group>"; };
		EA03581E18899FB7002EA17A /* MSTCustomButton.m */ = {isa = PBXFileReference; fileEncoding = 4; lastKnownFileType = sourcecode.c.objc; name = MSTCustomButton.m; path = CustomButton/MSTCustomButton.m; sourceTree = "<group>"; };
		EACE18AA188586D2006480A6 /* QuartzCore.framework */ = {isa = PBXFileReference; lastKnownFileType = wrapper.framework; name = QuartzCore.framework; path = System/Library/Frameworks/QuartzCore.framework; sourceTree = SDKROOT; };
		EACE18B2188979C4006480A6 /* dashboardbg.png */ = {isa = PBXFileReference; lastKnownFileType = image.png; path = dashboardbg.png; sourceTree = "<group>"; };
		EEC212A11888E59E005FE7B4 /* barcode.png */ = {isa = PBXFileReference; lastKnownFileType = image.png; path = barcode.png; sourceTree = "<group>"; };
		EEC212A21888E59E005FE7B4 /* barcode@2x.png */ = {isa = PBXFileReference; lastKnownFileType = image.png; path = "barcode@2x.png"; sourceTree = "<group>"; };
		EEC212A31888E59E005FE7B4 /* barcode_big.png */ = {isa = PBXFileReference; lastKnownFileType = image.png; path = barcode_big.png; sourceTree = "<group>"; };
		EEC212A41888E59E005FE7B4 /* bg-addbutton-highlighted.png */ = {isa = PBXFileReference; lastKnownFileType = image.png; path = "bg-addbutton-highlighted.png"; sourceTree = "<group>"; };
		EEC212A51888E59E005FE7B4 /* bg-addbutton-highlighted@2x.png */ = {isa = PBXFileReference; lastKnownFileType = image.png; path = "bg-addbutton-highlighted@2x.png"; sourceTree = "<group>"; };
		EEC212A61888E59E005FE7B4 /* bg-addbutton.png */ = {isa = PBXFileReference; lastKnownFileType = image.png; path = "bg-addbutton.png"; sourceTree = "<group>"; };
		EEC212A71888E59E005FE7B4 /* bg-addbutton@2x.png */ = {isa = PBXFileReference; lastKnownFileType = image.png; path = "bg-addbutton@2x.png"; sourceTree = "<group>"; };
		EEC212A81888E59E005FE7B4 /* bg-menuitem-highlighted.png */ = {isa = PBXFileReference; lastKnownFileType = image.png; path = "bg-menuitem-highlighted.png"; sourceTree = "<group>"; };
		EEC212A91888E59E005FE7B4 /* bg-menuitem-highlighted@2x.png */ = {isa = PBXFileReference; lastKnownFileType = image.png; path = "bg-menuitem-highlighted@2x.png"; sourceTree = "<group>"; };
		EEC212AA1888E59E005FE7B4 /* bg-menuitem.png */ = {isa = PBXFileReference; lastKnownFileType = image.png; path = "bg-menuitem.png"; sourceTree = "<group>"; };
		EEC212AB1888E59E005FE7B4 /* bg-menuitem@2x.png */ = {isa = PBXFileReference; lastKnownFileType = image.png; path = "bg-menuitem@2x.png"; sourceTree = "<group>"; };
		EEC212AC1888E59E005FE7B4 /* credit_card.png */ = {isa = PBXFileReference; lastKnownFileType = image.png; path = credit_card.png; sourceTree = "<group>"; };
		EEC212AD1888E59E005FE7B4 /* credit_card@2x.png */ = {isa = PBXFileReference; lastKnownFileType = image.png; path = "credit_card@2x.png"; sourceTree = "<group>"; };
		EEC212AE1888E59E005FE7B4 /* credit_card_big.png */ = {isa = PBXFileReference; lastKnownFileType = image.png; path = credit_card_big.png; sourceTree = "<group>"; };
		EEC212AF1888E59E005FE7B4 /* icon-plus-highlighted.png */ = {isa = PBXFileReference; lastKnownFileType = image.png; path = "icon-plus-highlighted.png"; sourceTree = "<group>"; };
		EEC212B01888E59E005FE7B4 /* icon-plus-highlighted@2x.png */ = {isa = PBXFileReference; lastKnownFileType = image.png; path = "icon-plus-highlighted@2x.png"; sourceTree = "<group>"; };
		EEC212B11888E59E005FE7B4 /* icon-plus.png */ = {isa = PBXFileReference; lastKnownFileType = image.png; path = "icon-plus.png"; sourceTree = "<group>"; };
		EEC212B21888E59E005FE7B4 /* icon-plus@2x.png */ = {isa = PBXFileReference; lastKnownFileType = image.png; path = "icon-plus@2x.png"; sourceTree = "<group>"; };
		EEC212B31888E59E005FE7B4 /* icon-star.png */ = {isa = PBXFileReference; lastKnownFileType = image.png; path = "icon-star.png"; sourceTree = "<group>"; };
		EEC212B41888E59E005FE7B4 /* icon-star@2x.png */ = {isa = PBXFileReference; lastKnownFileType = image.png; path = "icon-star@2x.png"; sourceTree = "<group>"; };
		EEC212B51888E59E005FE7B4 /* mail.png */ = {isa = PBXFileReference; lastKnownFileType = image.png; path = mail.png; sourceTree = "<group>"; };
		EEC212B61888E59E005FE7B4 /* mail@2x.png */ = {isa = PBXFileReference; lastKnownFileType = image.png; path = "mail@2x.png"; sourceTree = "<group>"; };
		EEC212B71888E59E005FE7B4 /* mail_big.png */ = {isa = PBXFileReference; lastKnownFileType = image.png; path = mail_big.png; sourceTree = "<group>"; };
		EEC212B81888E59E005FE7B4 /* map_pin.png */ = {isa = PBXFileReference; lastKnownFileType = image.png; path = map_pin.png; sourceTree = "<group>"; };
		EEC212B91888E59E005FE7B4 /* map_pin@2x.png */ = {isa = PBXFileReference; lastKnownFileType = image.png; path = "map_pin@2x.png"; sourceTree = "<group>"; };
		EEC212BA1888E59E005FE7B4 /* map_pin_big.png */ = {isa = PBXFileReference; lastKnownFileType = image.png; path = map_pin_big.png; sourceTree = "<group>"; };
		EEC212BB1888E59E005FE7B4 /* process.png */ = {isa = PBXFileReference; lastKnownFileType = image.png; path = process.png; sourceTree = "<group>"; };
		EEC212BC1888E59E005FE7B4 /* process@2x.png */ = {isa = PBXFileReference; lastKnownFileType = image.png; path = "process@2x.png"; sourceTree = "<group>"; };
		EEC212BD1888E59E005FE7B4 /* process_big.png */ = {isa = PBXFileReference; lastKnownFileType = image.png; path = process_big.png; sourceTree = "<group>"; };
		EEC212BF1888E59E005FE7B4 /* MSTBarCodeViewController.h */ = {isa = PBXFileReference; fileEncoding = 4; lastKnownFileType = sourcecode.c.h; path = MSTBarCodeViewController.h; sourceTree = "<group>"; };
		EEC212C01888E59E005FE7B4 /* MSTBarCodeViewController.m */ = {isa = PBXFileReference; fileEncoding = 4; lastKnownFileType = sourcecode.c.objc; path = MSTBarCodeViewController.m; sourceTree = "<group>"; };
		EEC212C11888E59E005FE7B4 /* MSTCreditCardViewController.h */ = {isa = PBXFileReference; fileEncoding = 4; lastKnownFileType = sourcecode.c.h; path = MSTCreditCardViewController.h; sourceTree = "<group>"; };
		EEC212C21888E59E005FE7B4 /* MSTCreditCardViewController.m */ = {isa = PBXFileReference; fileEncoding = 4; lastKnownFileType = sourcecode.c.objc; path = MSTCreditCardViewController.m; sourceTree = "<group>"; };
		EEC212C31888E59E005FE7B4 /* MSTMailViewController.h */ = {isa = PBXFileReference; fileEncoding = 4; lastKnownFileType = sourcecode.c.h; path = MSTMailViewController.h; sourceTree = "<group>"; };
		EEC212C41888E59E005FE7B4 /* MSTMailViewController.m */ = {isa = PBXFileReference; fileEncoding = 4; lastKnownFileType = sourcecode.c.objc; path = MSTMailViewController.m; sourceTree = "<group>"; };
		EEC212C51888E59E005FE7B4 /* MSTMainViewController.h */ = {isa = PBXFileReference; fileEncoding = 4; lastKnownFileType = sourcecode.c.h; path = MSTMainViewController.h; sourceTree = "<group>"; };
		EEC212C61888E59E005FE7B4 /* MSTMainViewController.m */ = {isa = PBXFileReference; fileEncoding = 4; lastKnownFileType = sourcecode.c.objc; path = MSTMainViewController.m; sourceTree = "<group>"; };
		EEC212C71888E59E005FE7B4 /* MSTMapViewController.h */ = {isa = PBXFileReference; fileEncoding = 4; lastKnownFileType = sourcecode.c.h; path = MSTMapViewController.h; sourceTree = "<group>"; };
		EEC212C81888E59E005FE7B4 /* MSTMapViewController.m */ = {isa = PBXFileReference; fileEncoding = 4; lastKnownFileType = sourcecode.c.objc; path = MSTMapViewController.m; sourceTree = "<group>"; };
		EEC212C91888E59E005FE7B4 /* MSTMyAccViewController.h */ = {isa = PBXFileReference; fileEncoding = 4; lastKnownFileType = sourcecode.c.h; path = MSTMyAccViewController.h; sourceTree = "<group>"; };
		EEC212CA1888E59E005FE7B4 /* MSTMyAccViewController.m */ = {isa = PBXFileReference; fileEncoding = 4; lastKnownFileType = sourcecode.c.objc; path = MSTMyAccViewController.m; sourceTree = "<group>"; };
		EEC212CB1888E59E005FE7B4 /* MSTSettingsViewController.h */ = {isa = PBXFileReference; fileEncoding = 4; lastKnownFileType = sourcecode.c.h; path = MSTSettingsViewController.h; sourceTree = "<group>"; };
		EEC212CC1888E59E005FE7B4 /* MSTSettingsViewController.m */ = {isa = PBXFileReference; fileEncoding = 4; lastKnownFileType = sourcecode.c.objc; path = MSTSettingsViewController.m; sourceTree = "<group>"; };
		EEC212CE1888E59E005FE7B4 /* MSTFirstMenuViewController.h */ = {isa = PBXFileReference; fileEncoding = 4; lastKnownFileType = sourcecode.c.h; path = MSTFirstMenuViewController.h; sourceTree = "<group>"; };
		EEC212CF1888E59E005FE7B4 /* MSTFirstMenuViewController.m */ = {isa = PBXFileReference; fileEncoding = 4; lastKnownFileType = sourcecode.c.objc; path = MSTFirstMenuViewController.m; sourceTree = "<group>"; };
		EEC212D01888E59E005FE7B4 /* MSTSecondMenuViewController.h */ = {isa = PBXFileReference; fileEncoding = 4; lastKnownFileType = sourcecode.c.h; path = MSTSecondMenuViewController.h; sourceTree = "<group>"; };
		EEC212D11888E59E005FE7B4 /* MSTSecondMenuViewController.m */ = {isa = PBXFileReference; fileEncoding = 4; lastKnownFileType = sourcecode.c.objc; path = MSTSecondMenuViewController.m; sourceTree = "<group>"; };
		EEC212D21888E59E005FE7B4 /* MSTThirdMenuViewController.h */ = {isa = PBXFileReference; fileEncoding = 4; lastKnownFileType = sourcecode.c.h; path = MSTThirdMenuViewController.h; sourceTree = "<group>"; };
		EEC212D31888E59E005FE7B4 /* MSTThirdMenuViewController.m */ = {isa = PBXFileReference; fileEncoding = 4; lastKnownFileType = sourcecode.c.objc; path = MSTThirdMenuViewController.m; sourceTree = "<group>"; };
		EEC212FC1888E5BD005FE7B4 /* UIView+Genie.h */ = {isa = PBXFileReference; fileEncoding = 4; lastKnownFileType = sourcecode.c.h; path = "UIView+Genie.h"; sourceTree = "<group>"; };
		EEC212FD1888E5BD005FE7B4 /* UIView+Genie.m */ = {isa = PBXFileReference; fileEncoding = 4; lastKnownFileType = sourcecode.c.objc; path = "UIView+Genie.m"; sourceTree = "<group>"; };
		EEC212FF1888EBF8005FE7B4 /* Menu1BG.png */ = {isa = PBXFileReference; lastKnownFileType = image.png; path = Menu1BG.png; sourceTree = "<group>"; };
		EEC213011888EE97005FE7B4 /* Menu1B.png */ = {isa = PBXFileReference; lastKnownFileType = image.png; path = Menu1B.png; sourceTree = "<group>"; };
		EEC213031888F01B005FE7B4 /* Menu1B_2.png */ = {isa = PBXFileReference; lastKnownFileType = image.png; path = Menu1B_2.png; sourceTree = "<group>"; };
		EEC213051888F6ED005FE7B4 /* BoxyCall.png */ = {isa = PBXFileReference; lastKnownFileType = image.png; path = BoxyCall.png; sourceTree = "<group>"; };
		EECF7C3E1884CB9B004770CD /* AwesomeMenu.h */ = {isa = PBXFileReference; fileEncoding = 4; lastKnownFileType = sourcecode.c.h; path = AwesomeMenu.h; sourceTree = "<group>"; };
		EECF7C3F1884CB9B004770CD /* AwesomeMenu.m */ = {isa = PBXFileReference; fileEncoding = 4; lastKnownFileType = sourcecode.c.objc; path = AwesomeMenu.m; sourceTree = "<group>"; };
		EECF7C401884CB9B004770CD /* AwesomeMenuItem.h */ = {isa = PBXFileReference; fileEncoding = 4; lastKnownFileType = sourcecode.c.h; path = AwesomeMenuItem.h; sourceTree = "<group>"; };
		EECF7C411884CB9B004770CD /* AwesomeMenuItem.m */ = {isa = PBXFileReference; fileEncoding = 4; lastKnownFileType = sourcecode.c.objc; path = AwesomeMenuItem.m; sourceTree = "<group>"; };
/* End PBXFileReference section */

/* Begin PBXFrameworksBuildPhase section */
		BEA202EF1877A71D0039B2F7 /* Frameworks */ = {
			isa = PBXFrameworksBuildPhase;
			buildActionMask = 2147483647;
			files = (
				EACE18AB188586D2006480A6 /* QuartzCore.framework in Frameworks */,
				BEA202F81877A71D0039B2F7 /* CoreGraphics.framework in Frameworks */,
				BEA202FA1877A71D0039B2F7 /* UIKit.framework in Frameworks */,
				BEA202F61877A71D0039B2F7 /* Foundation.framework in Frameworks */,
			);
			runOnlyForDeploymentPostprocessing = 0;
		};
		BEA203101877A71D0039B2F7 /* Frameworks */ = {
			isa = PBXFrameworksBuildPhase;
			buildActionMask = 2147483647;
			files = (
				BEA203151877A71D0039B2F7 /* XCTest.framework in Frameworks */,
				BEA203171877A71D0039B2F7 /* UIKit.framework in Frameworks */,
				BEA203161877A71D0039B2F7 /* Foundation.framework in Frameworks */,
			);
			runOnlyForDeploymentPostprocessing = 0;
		};
/* End PBXFrameworksBuildPhase section */

/* Begin PBXGroup section */
		BEA202E91877A71D0039B2F7 = {
			isa = PBXGroup;
			children = (
				EACE189718847AFF006480A6 /* MenuPOC */,
				BEA202FB1877A71D0039B2F7 /* ParallaxController */,
				BEA2031A1877A71D0039B2F7 /* ParallaxControllerTests */,
				BEA202F41877A71D0039B2F7 /* Frameworks */,
				BEA202F31877A71D0039B2F7 /* Products */,
			);
			sourceTree = "<group>";
		};
		BEA202F31877A71D0039B2F7 /* Products */ = {
			isa = PBXGroup;
			children = (
				BEA202F21877A71D0039B2F7 /* ParallaxController.app */,
				BEA203131877A71D0039B2F7 /* ParallaxControllerTests.xctest */,
			);
			name = Products;
			sourceTree = "<group>";
		};
		BEA202F41877A71D0039B2F7 /* Frameworks */ = {
			isa = PBXGroup;
			children = (
				EACE18AA188586D2006480A6 /* QuartzCore.framework */,
				BEA202F51877A71D0039B2F7 /* Foundation.framework */,
				BEA202F71877A71D0039B2F7 /* CoreGraphics.framework */,
				BEA202F91877A71D0039B2F7 /* UIKit.framework */,
				BEA203141877A71D0039B2F7 /* XCTest.framework */,
			);
			name = Frameworks;
			sourceTree = "<group>";
		};
		BEA202FB1877A71D0039B2F7 /* ParallaxController */ = {
			isa = PBXGroup;
			children = (
				BE8FAD781883778600EC5F84 /* UIImage+ImageEffects.h */,
				BE8FAD791883778600EC5F84 /* UIImage+ImageEffects.m */,
				BEA203301877AA400039B2F7 /* amazing-gerbera-flower-wallpaper-wide-full-hd.jpg */,
				BEA203041877A71D0039B2F7 /* MSTAppDelegate.h */,
				BEA203051877A71D0039B2F7 /* MSTAppDelegate.m */,
				BEA203071877A71D0039B2F7 /* Main.storyboard */,
				BEA2030A1877A71D0039B2F7 /* MSTViewController.h */,
				BEA2030B1877A71D0039B2F7 /* MSTViewController.m */,
				BEA2030D1877A71D0039B2F7 /* Images.xcassets */,
				BEA202FC1877A71D0039B2F7 /* Supporting Files */,
				BEA2032D1877A8970039B2F7 /* MSTTableViewController.h */,
				BEA2032E1877A8970039B2F7 /* MSTTableViewController.m */,
				BEA203321877AB6C0039B2F7 /* MSTImageViewController.h */,
				BEA203331877AB6C0039B2F7 /* MSTImageViewController.m */,
				BEA203351877AC5A0039B2F7 /* MSTParallaxController.h */,
				BEA203361877AC5A0039B2F7 /* MSTParallaxController.m */,
				BE8DAD611883587400CCF2DB /* MSTSlideUpMenuViewController.h */,
				BE8DAD621883587400CCF2DB /* MSTSlideUpMenuViewController.m */,
				BE8DAD6418835B2600CCF2DB /* MSTMenuViewController.h */,
				BE8DAD6518835B2600CCF2DB /* MSTMenuViewController.m */,
				BE8FAD72188373A900EC5F84 /* MSTUIViewClickPassthrough.h */,
				BE8FAD73188373A900EC5F84 /* MSTUIViewClickPassthrough.m */,
			);
			path = ParallaxController;
			sourceTree = "<group>";
		};
		BEA202FC1877A71D0039B2F7 /* Supporting Files */ = {
			isa = PBXGroup;
			children = (
				BEA202FD1877A71D0039B2F7 /* ParallaxController-Info.plist */,
				BEA202FE1877A71D0039B2F7 /* InfoPlist.strings */,
				BEA203011877A71D0039B2F7 /* main.m */,
				BEA203031877A71D0039B2F7 /* ParallaxController-Prefix.pch */,
			);
			name = "Supporting Files";
			sourceTree = "<group>";
		};
		BEA2031A1877A71D0039B2F7 /* ParallaxControllerTests */ = {
			isa = PBXGroup;
			children = (
				BEA203201877A71D0039B2F7 /* ParallaxControllerTests.m */,
				BEA2031B1877A71D0039B2F7 /* Supporting Files */,
			);
			path = ParallaxControllerTests;
			sourceTree = "<group>";
		};
		BEA2031B1877A71D0039B2F7 /* Supporting Files */ = {
			isa = PBXGroup;
			children = (
				BEA2031C1877A71D0039B2F7 /* ParallaxControllerTests-Info.plist */,
				BEA2031D1877A71D0039B2F7 /* InfoPlist.strings */,
			);
			name = "Supporting Files";
			sourceTree = "<group>";
		};
		EA03581C18899F8F002EA17A /* CustomButton */ = {
			isa = PBXGroup;
			children = (
				EA03581D18899FB7002EA17A /* MSTCustomButton.h */,
				EA03581E18899FB7002EA17A /* MSTCustomButton.m */,
			);
			name = CustomButton;
			sourceTree = "<group>";
		};
		EACE189718847AFF006480A6 /* MenuPOC */ = {
			isa = PBXGroup;
			children = (
				EEC212A01888E59E005FE7B4 /* Images */,
				EEC212BE1888E59E005FE7B4 /* MenuItemsViewControllers */,
				EEC212CD1888E59E005FE7B4 /* MenuViewControllers */,
				EECF7C3C1884CB9B004770CD /* UIComponents */,
			);
			name = MenuPOC;
			sourceTree = "<group>";
		};
		EEC212A01888E59E005FE7B4 /* Images */ = {
			isa = PBXGroup;
			children = (
				EACE18B2188979C4006480A6 /* dashboardbg.png */,
				EEC213051888F6ED005FE7B4 /* BoxyCall.png */,
				EEC213031888F01B005FE7B4 /* Menu1B_2.png */,
				EEC213011888EE97005FE7B4 /* Menu1B.png */,
				EEC212FF1888EBF8005FE7B4 /* Menu1BG.png */,
				EEC212A11888E59E005FE7B4 /* barcode.png */,
				EEC212A21888E59E005FE7B4 /* barcode@2x.png */,
				EEC212A31888E59E005FE7B4 /* barcode_big.png */,
				EEC212A41888E59E005FE7B4 /* bg-addbutton-highlighted.png */,
				EEC212A51888E59E005FE7B4 /* bg-addbutton-highlighted@2x.png */,
				EEC212A61888E59E005FE7B4 /* bg-addbutton.png */,
				EEC212A71888E59E005FE7B4 /* bg-addbutton@2x.png */,
				EEC212A81888E59E005FE7B4 /* bg-menuitem-highlighted.png */,
				EEC212A91888E59E005FE7B4 /* bg-menuitem-highlighted@2x.png */,
				EEC212AA1888E59E005FE7B4 /* bg-menuitem.png */,
				EEC212AB1888E59E005FE7B4 /* bg-menuitem@2x.png */,
				EEC212AC1888E59E005FE7B4 /* credit_card.png */,
				EEC212AD1888E59E005FE7B4 /* credit_card@2x.png */,
				EEC212AE1888E59E005FE7B4 /* credit_card_big.png */,
				EEC212AF1888E59E005FE7B4 /* icon-plus-highlighted.png */,
				EEC212B01888E59E005FE7B4 /* icon-plus-highlighted@2x.png */,
				EEC212B11888E59E005FE7B4 /* icon-plus.png */,
				EEC212B21888E59E005FE7B4 /* icon-plus@2x.png */,
				EEC212B31888E59E005FE7B4 /* icon-star.png */,
				EEC212B41888E59E005FE7B4 /* icon-star@2x.png */,
				EEC212B51888E59E005FE7B4 /* mail.png */,
				EEC212B61888E59E005FE7B4 /* mail@2x.png */,
				EEC212B71888E59E005FE7B4 /* mail_big.png */,
				EEC212B81888E59E005FE7B4 /* map_pin.png */,
				EEC212B91888E59E005FE7B4 /* map_pin@2x.png */,
				EEC212BA1888E59E005FE7B4 /* map_pin_big.png */,
				EEC212BB1888E59E005FE7B4 /* process.png */,
				EEC212BC1888E59E005FE7B4 /* process@2x.png */,
				EEC212BD1888E59E005FE7B4 /* process_big.png */,
			);
			name = Images;
			path = ParallaxController/MenuPOC/Images;
			sourceTree = "<group>";
		};
		EEC212BE1888E59E005FE7B4 /* MenuItemsViewControllers */ = {
			isa = PBXGroup;
			children = (
				EEC212BF1888E59E005FE7B4 /* MSTBarCodeViewController.h */,
				EEC212C01888E59E005FE7B4 /* MSTBarCodeViewController.m */,
				EEC212C11888E59E005FE7B4 /* MSTCreditCardViewController.h */,
				EEC212C21888E59E005FE7B4 /* MSTCreditCardViewController.m */,
				EEC212C31888E59E005FE7B4 /* MSTMailViewController.h */,
				EEC212C41888E59E005FE7B4 /* MSTMailViewController.m */,
				EEC212C51888E59E005FE7B4 /* MSTMainViewController.h */,
				EEC212C61888E59E005FE7B4 /* MSTMainViewController.m */,
				EEC212C71888E59E005FE7B4 /* MSTMapViewController.h */,
				EEC212C81888E59E005FE7B4 /* MSTMapViewController.m */,
				EEC212C91888E59E005FE7B4 /* MSTMyAccViewController.h */,
				EEC212CA1888E59E005FE7B4 /* MSTMyAccViewController.m */,
				EEC212CB1888E59E005FE7B4 /* MSTSettingsViewController.h */,
				EEC212CC1888E59E005FE7B4 /* MSTSettingsViewController.m */,
				EA03580D188998F7002EA17A /* MSTFirstMenuCreditCardViewController.h */,
				EA03580E188998F7002EA17A /* MSTFirstMenuCreditCardViewController.m */,
				EA03581318899934002EA17A /* MSTFirstMenuMailViewController.h */,
				EA03581418899934002EA17A /* MSTFirstMenuMailViewController.m */,
				EA03581618899953002EA17A /* MSTFirstMenuMapViewController.h */,
				EA03581718899953002EA17A /* MSTFirstMenuMapViewController.m */,
				EA0358191889997D002EA17A /* MSTFirstMenuSettingsViewController.h */,
				EA03581A1889997D002EA17A /* MSTFirstMenuSettingsViewController.m */,
			);
			name = MenuItemsViewControllers;
			path = ParallaxController/MenuPOC/MenuItemsViewControllers;
			sourceTree = "<group>";
		};
		EEC212CD1888E59E005FE7B4 /* MenuViewControllers */ = {
			isa = PBXGroup;
			children = (
				EEC212CE1888E59E005FE7B4 /* MSTFirstMenuViewController.h */,
				EEC212CF1888E59E005FE7B4 /* MSTFirstMenuViewController.m */,
				EEC212D01888E59E005FE7B4 /* MSTSecondMenuViewController.h */,
				EEC212D11888E59E005FE7B4 /* MSTSecondMenuViewController.m */,
				EEC212D21888E59E005FE7B4 /* MSTThirdMenuViewController.h */,
				EEC212D31888E59E005FE7B4 /* MSTThirdMenuViewController.m */,
			);
			name = MenuViewControllers;
			path = ParallaxController/MenuPOC/MenuViewControllers;
			sourceTree = "<group>";
		};
		EEC212FB1888E5BD005FE7B4 /* UIView+Genie */ = {
			isa = PBXGroup;
			children = (
				EEC212FC1888E5BD005FE7B4 /* UIView+Genie.h */,
				EEC212FD1888E5BD005FE7B4 /* UIView+Genie.m */,
			);
			path = "UIView+Genie";
			sourceTree = "<group>";
		};
		EECF7C3C1884CB9B004770CD /* UIComponents */ = {
			isa = PBXGroup;
			children = (
				EA03581C18899F8F002EA17A /* CustomButton */,
				EEC212FB1888E5BD005FE7B4 /* UIView+Genie */,
				EECF7C3D1884CB9B004770CD /* AwesomeMenu */,
			);
			name = UIComponents;
			path = ParallaxController/MenuPOC/UIComponents;
			sourceTree = "<group>";
		};
		EECF7C3D1884CB9B004770CD /* AwesomeMenu */ = {
			isa = PBXGroup;
			children = (
				EECF7C3E1884CB9B004770CD /* AwesomeMenu.h */,
				EECF7C3F1884CB9B004770CD /* AwesomeMenu.m */,
				EECF7C401884CB9B004770CD /* AwesomeMenuItem.h */,
				EECF7C411884CB9B004770CD /* AwesomeMenuItem.m */,
			);
			path = AwesomeMenu;
			sourceTree = "<group>";
		};
/* End PBXGroup section */

/* Begin PBXNativeTarget section */
		BEA202F11877A71D0039B2F7 /* ParallaxController */ = {
			isa = PBXNativeTarget;
			buildConfigurationList = BEA203241877A71D0039B2F7 /* Build configuration list for PBXNativeTarget "ParallaxController" */;
			buildPhases = (
				BEA202EE1877A71D0039B2F7 /* Sources */,
				BEA202EF1877A71D0039B2F7 /* Frameworks */,
				BEA202F01877A71D0039B2F7 /* Resources */,
			);
			buildRules = (
			);
			dependencies = (
			);
			name = ParallaxController;
			productName = ParallaxController;
			productReference = BEA202F21877A71D0039B2F7 /* ParallaxController.app */;
			productType = "com.apple.product-type.application";
		};
		BEA203121877A71D0039B2F7 /* ParallaxControllerTests */ = {
			isa = PBXNativeTarget;
			buildConfigurationList = BEA203271877A71D0039B2F7 /* Build configuration list for PBXNativeTarget "ParallaxControllerTests" */;
			buildPhases = (
				BEA2030F1877A71D0039B2F7 /* Sources */,
				BEA203101877A71D0039B2F7 /* Frameworks */,
				BEA203111877A71D0039B2F7 /* Resources */,
			);
			buildRules = (
			);
			dependencies = (
				BEA203191877A71D0039B2F7 /* PBXTargetDependency */,
			);
			name = ParallaxControllerTests;
			productName = ParallaxControllerTests;
			productReference = BEA203131877A71D0039B2F7 /* ParallaxControllerTests.xctest */;
			productType = "com.apple.product-type.bundle.unit-test";
		};
/* End PBXNativeTarget section */

/* Begin PBXProject section */
		BEA202EA1877A71D0039B2F7 /* Project object */ = {
			isa = PBXProject;
			attributes = {
				CLASSPREFIX = MST;
				LastUpgradeCheck = 0500;
				ORGANIZATIONNAME = "Michael Thornton";
				TargetAttributes = {
					BEA203121877A71D0039B2F7 = {
						TestTargetID = BEA202F11877A71D0039B2F7;
					};
				};
			};
			buildConfigurationList = BEA202ED1877A71D0039B2F7 /* Build configuration list for PBXProject "ParallaxController" */;
			compatibilityVersion = "Xcode 3.2";
			developmentRegion = English;
			hasScannedForEncodings = 0;
			knownRegions = (
				en,
				Base,
			);
			mainGroup = BEA202E91877A71D0039B2F7;
			productRefGroup = BEA202F31877A71D0039B2F7 /* Products */;
			projectDirPath = "";
			projectRoot = "";
			targets = (
				BEA202F11877A71D0039B2F7 /* ParallaxController */,
				BEA203121877A71D0039B2F7 /* ParallaxControllerTests */,
			);
		};
/* End PBXProject section */

/* Begin PBXResourcesBuildPhase section */
		BEA202F01877A71D0039B2F7 /* Resources */ = {
			isa = PBXResourcesBuildPhase;
			buildActionMask = 2147483647;
			files = (
				BEA203311877AA400039B2F7 /* amazing-gerbera-flower-wallpaper-wide-full-hd.jpg in Resources */,
				EEC212F01888E59E005FE7B4 /* process_big.png in Resources */,
				EEC212E81888E59E005FE7B4 /* mail.png in Resources */,
				EEC212DF1888E59E005FE7B4 /* credit_card.png in Resources */,
				EEC212E11888E59E005FE7B4 /* credit_card_big.png in Resources */,
				EACE18B3188979C4006480A6 /* dashboardbg.png in Resources */,
				EEC212D81888E59E005FE7B4 /* bg-addbutton-highlighted@2x.png in Resources */,
				EEC212EB1888E59E005FE7B4 /* map_pin.png in Resources */,
				EEC212ED1888E59E005FE7B4 /* map_pin_big.png in Resources */,
				EEC212DC1888E59E005FE7B4 /* bg-menuitem-highlighted@2x.png in Resources */,
				EEC212EA1888E59E005FE7B4 /* mail_big.png in Resources */,
				EEC212EE1888E59E005FE7B4 /* process.png in Resources */,
				EEC212E41888E59E005FE7B4 /* icon-plus.png in Resources */,
				EEC212EC1888E59E005FE7B4 /* map_pin@2x.png in Resources */,
				EEC212D71888E59E005FE7B4 /* bg-addbutton-highlighted.png in Resources */,
				EEC213021888EE97005FE7B4 /* Menu1B.png in Resources */,
				EEC213061888F6ED005FE7B4 /* BoxyCall.png in Resources */,
				EEC212E71888E59E005FE7B4 /* icon-star@2x.png in Resources */,
				EEC212DE1888E59E005FE7B4 /* bg-menuitem@2x.png in Resources */,
				EEC212E21888E59E005FE7B4 /* icon-plus-highlighted.png in Resources */,
				EEC212DB1888E59E005FE7B4 /* bg-menuitem-highlighted.png in Resources */,
				EEC212E01888E59E005FE7B4 /* credit_card@2x.png in Resources */,
				EEC212D61888E59E005FE7B4 /* barcode_big.png in Resources */,
				BEA2030E1877A71D0039B2F7 /* Images.xcassets in Resources */,
				EEC212E51888E59E005FE7B4 /* icon-plus@2x.png in Resources */,
				BEA203001877A71D0039B2F7 /* InfoPlist.strings in Resources */,
				EEC213041888F01B005FE7B4 /* Menu1B_2.png in Resources */,
				EEC212E61888E59E005FE7B4 /* icon-star.png in Resources */,
				EEC212DA1888E59E005FE7B4 /* bg-addbutton@2x.png in Resources */,
				EEC213001888EBF8005FE7B4 /* Menu1BG.png in Resources */,
				EEC212EF1888E59E005FE7B4 /* process@2x.png in Resources */,
				EEC212D51888E59E005FE7B4 /* barcode@2x.png in Resources */,
				EEC212DD1888E59E005FE7B4 /* bg-menuitem.png in Resources */,
				EEC212D41888E59E005FE7B4 /* barcode.png in Resources */,
				EEC212E31888E59E005FE7B4 /* icon-plus-highlighted@2x.png in Resources */,
				EEC212D91888E59E005FE7B4 /* bg-addbutton.png in Resources */,
				BEA203091877A71D0039B2F7 /* Main.storyboard in Resources */,
				EEC212E91888E59E005FE7B4 /* mail@2x.png in Resources */,
			);
			runOnlyForDeploymentPostprocessing = 0;
		};
		BEA203111877A71D0039B2F7 /* Resources */ = {
			isa = PBXResourcesBuildPhase;
			buildActionMask = 2147483647;
			files = (
				BEA2031F1877A71D0039B2F7 /* InfoPlist.strings in Resources */,
			);
			runOnlyForDeploymentPostprocessing = 0;
		};
/* End PBXResourcesBuildPhase section */

/* Begin PBXSourcesBuildPhase section */
		BEA202EE1877A71D0039B2F7 /* Sources */ = {
			isa = PBXSourcesBuildPhase;
			buildActionMask = 2147483647;
			files = (
				EEC212F21888E59E005FE7B4 /* MSTCreditCardViewController.m in Sources */,
				EEC212F61888E59E005FE7B4 /* MSTMyAccViewController.m in Sources */,
				EECF7C431884CB9B004770CD /* AwesomeMenuItem.m in Sources */,
				BEA203021877A71D0039B2F7 /* main.m in Sources */,
				EA03581818899953002EA17A /* MSTFirstMenuMapViewController.m in Sources */,
				EEC212FA1888E59E005FE7B4 /* MSTThirdMenuViewController.m in Sources */,
				EEC212F91888E59E005FE7B4 /* MSTSecondMenuViewController.m in Sources */,
				EEC212F11888E59E005FE7B4 /* MSTBarCodeViewController.m in Sources */,
				BE8DAD631883587400CCF2DB /* MSTSlideUpMenuViewController.m in Sources */,
				EEC212F81888E59E005FE7B4 /* MSTFirstMenuViewController.m in Sources */,
				BE8FAD74188373A900EC5F84 /* MSTUIViewClickPassthrough.m in Sources */,
				EA03581F18899FB7002EA17A /* MSTCustomButton.m in Sources */,
				BE8DAD6618835B2600CCF2DB /* MSTMenuViewController.m in Sources */,
				EEC212F31888E59E005FE7B4 /* MSTMailViewController.m in Sources */,
				BEA203061877A71D0039B2F7 /* MSTAppDelegate.m in Sources */,
				BEA2032F1877A8970039B2F7 /* MSTTableViewController.m in Sources */,
				BE8FAD7A1883778600EC5F84 /* UIImage+ImageEffects.m in Sources */,
				BEA203371877AC5A0039B2F7 /* MSTParallaxController.m in Sources */,
				EECF7C421884CB9B004770CD /* AwesomeMenu.m in Sources */,
				EEC212FE1888E5BD005FE7B4 /* UIView+Genie.m in Sources */,
				EA03581518899934002EA17A /* MSTFirstMenuMailViewController.m in Sources */,
				EEC212F51888E59E005FE7B4 /* MSTMapViewController.m in Sources */,
				BEA2030C1877A71D0039B2F7 /* MSTViewController.m in Sources */,
				BEA203341877AB6C0039B2F7 /* MSTImageViewController.m in Sources */,
				EEC212F71888E59E005FE7B4 /* MSTSettingsViewController.m in Sources */,
				EA03581B1889997D002EA17A /* MSTFirstMenuSettingsViewController.m in Sources */,
				EA03580F188998F7002EA17A /* MSTFirstMenuCreditCardViewController.m in Sources */,
				EEC212F41888E59E005FE7B4 /* MSTMainViewController.m in Sources */,
			);
			runOnlyForDeploymentPostprocessing = 0;
		};
		BEA2030F1877A71D0039B2F7 /* Sources */ = {
			isa = PBXSourcesBuildPhase;
			buildActionMask = 2147483647;
			files = (
				BEA203211877A71D0039B2F7 /* ParallaxControllerTests.m in Sources */,
			);
			runOnlyForDeploymentPostprocessing = 0;
		};
/* End PBXSourcesBuildPhase section */

/* Begin PBXTargetDependency section */
		BEA203191877A71D0039B2F7 /* PBXTargetDependency */ = {
			isa = PBXTargetDependency;
			target = BEA202F11877A71D0039B2F7 /* ParallaxController */;
			targetProxy = BEA203181877A71D0039B2F7 /* PBXContainerItemProxy */;
		};
/* End PBXTargetDependency section */

/* Begin PBXVariantGroup section */
		BEA202FE1877A71D0039B2F7 /* InfoPlist.strings */ = {
			isa = PBXVariantGroup;
			children = (
				BEA202FF1877A71D0039B2F7 /* en */,
			);
			name = InfoPlist.strings;
			sourceTree = "<group>";
		};
		BEA203071877A71D0039B2F7 /* Main.storyboard */ = {
			isa = PBXVariantGroup;
			children = (
				BEA203081877A71D0039B2F7 /* Base */,
			);
			name = Main.storyboard;
			sourceTree = "<group>";
		};
		BEA2031D1877A71D0039B2F7 /* InfoPlist.strings */ = {
			isa = PBXVariantGroup;
			children = (
				BEA2031E1877A71D0039B2F7 /* en */,
			);
			name = InfoPlist.strings;
			sourceTree = "<group>";
		};
/* End PBXVariantGroup section */

/* Begin XCBuildConfiguration section */
		BEA203221877A71D0039B2F7 /* Debug */ = {
			isa = XCBuildConfiguration;
			buildSettings = {
				ALWAYS_SEARCH_USER_PATHS = NO;
				ARCHS = "$(ARCHS_STANDARD_INCLUDING_64_BIT)";
				CLANG_CXX_LANGUAGE_STANDARD = "gnu++0x";
				CLANG_CXX_LIBRARY = "libc++";
				CLANG_ENABLE_MODULES = YES;
				CLANG_ENABLE_OBJC_ARC = YES;
				CLANG_WARN_BOOL_CONVERSION = YES;
				CLANG_WARN_CONSTANT_CONVERSION = YES;
				CLANG_WARN_DIRECT_OBJC_ISA_USAGE = YES_ERROR;
				CLANG_WARN_EMPTY_BODY = YES;
				CLANG_WARN_ENUM_CONVERSION = YES;
				CLANG_WARN_INT_CONVERSION = YES;
				CLANG_WARN_OBJC_ROOT_CLASS = YES_ERROR;
				CLANG_WARN__DUPLICATE_METHOD_MATCH = YES;
				"CODE_SIGN_IDENTITY[sdk=iphoneos*]" = "iPhone Developer";
				COPY_PHASE_STRIP = NO;
				GCC_C_LANGUAGE_STANDARD = gnu99;
				GCC_DYNAMIC_NO_PIC = NO;
				GCC_OPTIMIZATION_LEVEL = 0;
				GCC_PREPROCESSOR_DEFINITIONS = (
					"DEBUG=1",
					"$(inherited)",
				);
				GCC_SYMBOLS_PRIVATE_EXTERN = NO;
				GCC_WARN_64_TO_32_BIT_CONVERSION = YES;
				GCC_WARN_ABOUT_RETURN_TYPE = YES_ERROR;
				GCC_WARN_UNDECLARED_SELECTOR = YES;
				GCC_WARN_UNINITIALIZED_AUTOS = YES;
				GCC_WARN_UNUSED_FUNCTION = YES;
				GCC_WARN_UNUSED_VARIABLE = YES;
				IPHONEOS_DEPLOYMENT_TARGET = 7.0;
				ONLY_ACTIVE_ARCH = YES;
				SDKROOT = iphoneos;
			};
			name = Debug;
		};
		BEA203231877A71D0039B2F7 /* Release */ = {
			isa = XCBuildConfiguration;
			buildSettings = {
				ALWAYS_SEARCH_USER_PATHS = NO;
				ARCHS = "$(ARCHS_STANDARD_INCLUDING_64_BIT)";
				CLANG_CXX_LANGUAGE_STANDARD = "gnu++0x";
				CLANG_CXX_LIBRARY = "libc++";
				CLANG_ENABLE_MODULES = YES;
				CLANG_ENABLE_OBJC_ARC = YES;
				CLANG_WARN_BOOL_CONVERSION = YES;
				CLANG_WARN_CONSTANT_CONVERSION = YES;
				CLANG_WARN_DIRECT_OBJC_ISA_USAGE = YES_ERROR;
				CLANG_WARN_EMPTY_BODY = YES;
				CLANG_WARN_ENUM_CONVERSION = YES;
				CLANG_WARN_INT_CONVERSION = YES;
				CLANG_WARN_OBJC_ROOT_CLASS = YES_ERROR;
				CLANG_WARN__DUPLICATE_METHOD_MATCH = YES;
				"CODE_SIGN_IDENTITY[sdk=iphoneos*]" = "iPhone Developer";
				COPY_PHASE_STRIP = YES;
				ENABLE_NS_ASSERTIONS = NO;
				GCC_C_LANGUAGE_STANDARD = gnu99;
				GCC_WARN_64_TO_32_BIT_CONVERSION = YES;
				GCC_WARN_ABOUT_RETURN_TYPE = YES_ERROR;
				GCC_WARN_UNDECLARED_SELECTOR = YES;
				GCC_WARN_UNINITIALIZED_AUTOS = YES;
				GCC_WARN_UNUSED_FUNCTION = YES;
				GCC_WARN_UNUSED_VARIABLE = YES;
				IPHONEOS_DEPLOYMENT_TARGET = 7.0;
				SDKROOT = iphoneos;
				VALIDATE_PRODUCT = YES;
			};
			name = Release;
		};
		BEA203251877A71D0039B2F7 /* Debug */ = {
			isa = XCBuildConfiguration;
			buildSettings = {
				ASSETCATALOG_COMPILER_APPICON_NAME = AppIcon;
				ASSETCATALOG_COMPILER_LAUNCHIMAGE_NAME = LaunchImage;
				CLANG_ENABLE_OBJC_ARC = YES;
				GCC_PRECOMPILE_PREFIX_HEADER = YES;
				GCC_PREFIX_HEADER = "ParallaxController/ParallaxController-Prefix.pch";
				INFOPLIST_FILE = "ParallaxController/ParallaxController-Info.plist";
				IPHONEOS_DEPLOYMENT_TARGET = 7.0;
				PRODUCT_NAME = "$(TARGET_NAME)";
				TARGETED_DEVICE_FAMILY = "1,2";
				WRAPPER_EXTENSION = app;
			};
			name = Debug;
		};
		BEA203261877A71D0039B2F7 /* Release */ = {
			isa = XCBuildConfiguration;
			buildSettings = {
				ASSETCATALOG_COMPILER_APPICON_NAME = AppIcon;
				ASSETCATALOG_COMPILER_LAUNCHIMAGE_NAME = LaunchImage;
				CLANG_ENABLE_OBJC_ARC = YES;
				GCC_PRECOMPILE_PREFIX_HEADER = YES;
				GCC_PREFIX_HEADER = "ParallaxController/ParallaxController-Prefix.pch";
				INFOPLIST_FILE = "ParallaxController/ParallaxController-Info.plist";
				IPHONEOS_DEPLOYMENT_TARGET = 7.0;
				PRODUCT_NAME = "$(TARGET_NAME)";
				TARGETED_DEVICE_FAMILY = "1,2";
				WRAPPER_EXTENSION = app;
			};
			name = Release;
		};
		BEA203281877A71D0039B2F7 /* Debug */ = {
			isa = XCBuildConfiguration;
			buildSettings = {
				ARCHS = "$(ARCHS_STANDARD_INCLUDING_64_BIT)";
				BUNDLE_LOADER = "$(BUILT_PRODUCTS_DIR)/ParallaxController.app/ParallaxController";
				FRAMEWORK_SEARCH_PATHS = (
					"$(SDKROOT)/Developer/Library/Frameworks",
					"$(inherited)",
					"$(DEVELOPER_FRAMEWORKS_DIR)",
				);
				GCC_PRECOMPILE_PREFIX_HEADER = YES;
				GCC_PREFIX_HEADER = "ParallaxController/ParallaxController-Prefix.pch";
				GCC_PREPROCESSOR_DEFINITIONS = (
					"DEBUG=1",
					"$(inherited)",
				);
				INFOPLIST_FILE = "ParallaxControllerTests/ParallaxControllerTests-Info.plist";
				PRODUCT_NAME = "$(TARGET_NAME)";
				TEST_HOST = "$(BUNDLE_LOADER)";
				WRAPPER_EXTENSION = xctest;
			};
			name = Debug;
		};
		BEA203291877A71D0039B2F7 /* Release */ = {
			isa = XCBuildConfiguration;
			buildSettings = {
				ARCHS = "$(ARCHS_STANDARD_INCLUDING_64_BIT)";
				BUNDLE_LOADER = "$(BUILT_PRODUCTS_DIR)/ParallaxController.app/ParallaxController";
				FRAMEWORK_SEARCH_PATHS = (
					"$(SDKROOT)/Developer/Library/Frameworks",
					"$(inherited)",
					"$(DEVELOPER_FRAMEWORKS_DIR)",
				);
				GCC_PRECOMPILE_PREFIX_HEADER = YES;
				GCC_PREFIX_HEADER = "ParallaxController/ParallaxController-Prefix.pch";
				INFOPLIST_FILE = "ParallaxControllerTests/ParallaxControllerTests-Info.plist";
				PRODUCT_NAME = "$(TARGET_NAME)";
				TEST_HOST = "$(BUNDLE_LOADER)";
				WRAPPER_EXTENSION = xctest;
			};
			name = Release;
		};
/* End XCBuildConfiguration section */

/* Begin XCConfigurationList section */
		BEA202ED1877A71D0039B2F7 /* Build configuration list for PBXProject "ParallaxController" */ = {
			isa = XCConfigurationList;
			buildConfigurations = (
				BEA203221877A71D0039B2F7 /* Debug */,
				BEA203231877A71D0039B2F7 /* Release */,
			);
			defaultConfigurationIsVisible = 0;
			defaultConfigurationName = Release;
		};
		BEA203241877A71D0039B2F7 /* Build configuration list for PBXNativeTarget "ParallaxController" */ = {
			isa = XCConfigurationList;
			buildConfigurations = (
				BEA203251877A71D0039B2F7 /* Debug */,
				BEA203261877A71D0039B2F7 /* Release */,
			);
			defaultConfigurationIsVisible = 0;
			defaultConfigurationName = Release;
		};
		BEA203271877A71D0039B2F7 /* Build configuration list for PBXNativeTarget "ParallaxControllerTests" */ = {
			isa = XCConfigurationList;
			buildConfigurations = (
				BEA203281877A71D0039B2F7 /* Debug */,
				BEA203291877A71D0039B2F7 /* Release */,
			);
			defaultConfigurationIsVisible = 0;
			defaultConfigurationName = Release;
		};
/* End XCConfigurationList section */
	};
	rootObject = BEA202EA1877A71D0039B2F7 /* Project object */;
}
